// !$*UTF8*$!
{
	archiveVersion = 1;
	classes = {
	};
	objectVersion = 56;
	objects = {

/* Begin PBXBuildFile section */
		43C0EF81CAE489CE7D26F1FC /* Pods_URLSessionMockingTests.framework in Frameworks */ = {isa = PBXBuildFile; fileRef = 96BB327162B2740A6CA9014F /* Pods_URLSessionMockingTests.framework */; };
		6806B1D92A53E08B00BCFA1E /* AppDelegate.swift in Sources */ = {isa = PBXBuildFile; fileRef = 6806B1D82A53E08B00BCFA1E /* AppDelegate.swift */; };
		6806B1DB2A53E08B00BCFA1E /* SceneDelegate.swift in Sources */ = {isa = PBXBuildFile; fileRef = 6806B1DA2A53E08B00BCFA1E /* SceneDelegate.swift */; };
		6806B1DD2A53E08B00BCFA1E /* ViewController.swift in Sources */ = {isa = PBXBuildFile; fileRef = 6806B1DC2A53E08B00BCFA1E /* ViewController.swift */; };
		6806B1E02A53E08B00BCFA1E /* Main.storyboard in Resources */ = {isa = PBXBuildFile; fileRef = 6806B1DE2A53E08B00BCFA1E /* Main.storyboard */; };
		6806B1E22A53E08E00BCFA1E /* Assets.xcassets in Resources */ = {isa = PBXBuildFile; fileRef = 6806B1E12A53E08E00BCFA1E /* Assets.xcassets */; };
		6806B1E52A53E08E00BCFA1E /* LaunchScreen.storyboard in Resources */ = {isa = PBXBuildFile; fileRef = 6806B1E32A53E08E00BCFA1E /* LaunchScreen.storyboard */; };
		6806B2092A53E0AC00BCFA1E /* HTTPClient.swift in Sources */ = {isa = PBXBuildFile; fileRef = 6806B2082A53E0AC00BCFA1E /* HTTPClient.swift */; };
		6806B20C2A53E14200BCFA1E /* MockURLSession.swift in Sources */ = {isa = PBXBuildFile; fileRef = 6806B20B2A53E14200BCFA1E /* MockURLSession.swift */; };
		6806B20E2A53E18600BCFA1E /* MockURLProtocol.swift in Sources */ = {isa = PBXBuildFile; fileRef = 6806B20D2A53E18600BCFA1E /* MockURLProtocol.swift */; };
		6806B2112A53E1CE00BCFA1E /* APIClientTestUsingMockURLSession.swift in Sources */ = {isa = PBXBuildFile; fileRef = 6806B2102A53E1CE00BCFA1E /* APIClientTestUsingMockURLSession.swift */; };
		6806B2132A53E1DB00BCFA1E /* APIClientTestUsingMockURLProtocol.swift in Sources */ = {isa = PBXBuildFile; fileRef = 6806B2122A53E1DB00BCFA1E /* APIClientTestUsingMockURLProtocol.swift */; };
		92BF4548B49C8A7393695A64 /* Pods_URLSessionMocking_URLSessionMockingUITests.framework in Frameworks */ = {isa = PBXBuildFile; fileRef = DE7C670837F998C3648EE6D0 /* Pods_URLSessionMocking_URLSessionMockingUITests.framework */; };
		D8837CFC91B8C93AFF5C4928 /* Pods_URLSessionMocking.framework in Frameworks */ = {isa = PBXBuildFile; fileRef = 6D596348E623FB2E64924A2A /* Pods_URLSessionMocking.framework */; };
/* End PBXBuildFile section */

/* Begin PBXContainerItemProxy section */
		6806B1EC2A53E08E00BCFA1E /* PBXContainerItemProxy */ = {
			isa = PBXContainerItemProxy;
			containerPortal = 6806B1CD2A53E08B00BCFA1E /* Project object */;
			proxyType = 1;
			remoteGlobalIDString = 6806B1D42A53E08B00BCFA1E;
			remoteInfo = URLSessionMocking;
		};
		6806B1F62A53E08E00BCFA1E /* PBXContainerItemProxy */ = {
			isa = PBXContainerItemProxy;
			containerPortal = 6806B1CD2A53E08B00BCFA1E /* Project object */;
			proxyType = 1;
			remoteGlobalIDString = 6806B1D42A53E08B00BCFA1E;
			remoteInfo = URLSessionMocking;
		};
/* End PBXContainerItemProxy section */

/* Begin PBXFileReference section */
		43672DF099940E14B27A36A5 /* Pods-URLSessionMockingTests.release.xcconfig */ = {isa = PBXFileReference; includeInIndex = 1; lastKnownFileType = text.xcconfig; name = "Pods-URLSessionMockingTests.release.xcconfig"; path = "Target Support Files/Pods-URLSessionMockingTests/Pods-URLSessionMockingTests.release.xcconfig"; sourceTree = "<group>"; };
		50583FF28ED7EA20B8FCA2DD /* Pods-URLSessionMockingTests.debug.xcconfig */ = {isa = PBXFileReference; includeInIndex = 1; lastKnownFileType = text.xcconfig; name = "Pods-URLSessionMockingTests.debug.xcconfig"; path = "Target Support Files/Pods-URLSessionMockingTests/Pods-URLSessionMockingTests.debug.xcconfig"; sourceTree = "<group>"; };
		6806B1D52A53E08B00BCFA1E /* URLSessionMocking.app */ = {isa = PBXFileReference; explicitFileType = wrapper.application; includeInIndex = 0; path = URLSessionMocking.app; sourceTree = BUILT_PRODUCTS_DIR; };
		6806B1D82A53E08B00BCFA1E /* AppDelegate.swift */ = {isa = PBXFileReference; lastKnownFileType = sourcecode.swift; path = AppDelegate.swift; sourceTree = "<group>"; };
		6806B1DA2A53E08B00BCFA1E /* SceneDelegate.swift */ = {isa = PBXFileReference; lastKnownFileType = sourcecode.swift; path = SceneDelegate.swift; sourceTree = "<group>"; };
		6806B1DC2A53E08B00BCFA1E /* ViewController.swift */ = {isa = PBXFileReference; lastKnownFileType = sourcecode.swift; path = ViewController.swift; sourceTree = "<group>"; };
		6806B1DF2A53E08B00BCFA1E /* Base */ = {isa = PBXFileReference; lastKnownFileType = file.storyboard; name = Base; path = Base.lproj/Main.storyboard; sourceTree = "<group>"; };
		6806B1E12A53E08E00BCFA1E /* Assets.xcassets */ = {isa = PBXFileReference; lastKnownFileType = folder.assetcatalog; path = Assets.xcassets; sourceTree = "<group>"; };
		6806B1E42A53E08E00BCFA1E /* Base */ = {isa = PBXFileReference; lastKnownFileType = file.storyboard; name = Base; path = Base.lproj/LaunchScreen.storyboard; sourceTree = "<group>"; };
		6806B1E62A53E08E00BCFA1E /* Info.plist */ = {isa = PBXFileReference; lastKnownFileType = text.plist.xml; path = Info.plist; sourceTree = "<group>"; };
		6806B1EB2A53E08E00BCFA1E /* URLSessionMockingTests.xctest */ = {isa = PBXFileReference; explicitFileType = wrapper.cfbundle; includeInIndex = 0; path = URLSessionMockingTests.xctest; sourceTree = BUILT_PRODUCTS_DIR; };
		6806B1F52A53E08E00BCFA1E /* URLSessionMockingUITests.xctest */ = {isa = PBXFileReference; explicitFileType = wrapper.cfbundle; includeInIndex = 0; path = URLSessionMockingUITests.xctest; sourceTree = BUILT_PRODUCTS_DIR; };
		6806B2082A53E0AC00BCFA1E /* HTTPClient.swift */ = {isa = PBXFileReference; lastKnownFileType = sourcecode.swift; path = HTTPClient.swift; sourceTree = "<group>"; };
		6806B20B2A53E14200BCFA1E /* MockURLSession.swift */ = {isa = PBXFileReference; lastKnownFileType = sourcecode.swift; path = MockURLSession.swift; sourceTree = "<group>"; };
		6806B20D2A53E18600BCFA1E /* MockURLProtocol.swift */ = {isa = PBXFileReference; lastKnownFileType = sourcecode.swift; path = MockURLProtocol.swift; sourceTree = "<group>"; };
		6806B2102A53E1CE00BCFA1E /* APIClientTestUsingMockURLSession.swift */ = {isa = PBXFileReference; lastKnownFileType = sourcecode.swift; path = APIClientTestUsingMockURLSession.swift; sourceTree = "<group>"; };
		6806B2122A53E1DB00BCFA1E /* APIClientTestUsingMockURLProtocol.swift */ = {isa = PBXFileReference; lastKnownFileType = sourcecode.swift; path = APIClientTestUsingMockURLProtocol.swift; sourceTree = "<group>"; };
		6D596348E623FB2E64924A2A /* Pods_URLSessionMocking.framework */ = {isa = PBXFileReference; explicitFileType = wrapper.framework; includeInIndex = 0; path = Pods_URLSessionMocking.framework; sourceTree = BUILT_PRODUCTS_DIR; };
		787C39E857AFB644D6E5C70F /* Pods-URLSessionMocking-URLSessionMockingUITests.release.xcconfig */ = {isa = PBXFileReference; includeInIndex = 1; lastKnownFileType = text.xcconfig; name = "Pods-URLSessionMocking-URLSessionMockingUITests.release.xcconfig"; path = "Target Support Files/Pods-URLSessionMocking-URLSessionMockingUITests/Pods-URLSessionMocking-URLSessionMockingUITests.release.xcconfig"; sourceTree = "<group>"; };
		8E683C23B185681D0A53F5AD /* Pods-URLSessionMocking.release.xcconfig */ = {isa = PBXFileReference; includeInIndex = 1; lastKnownFileType = text.xcconfig; name = "Pods-URLSessionMocking.release.xcconfig"; path = "Target Support Files/Pods-URLSessionMocking/Pods-URLSessionMocking.release.xcconfig"; sourceTree = "<group>"; };
		96BB327162B2740A6CA9014F /* Pods_URLSessionMockingTests.framework */ = {isa = PBXFileReference; explicitFileType = wrapper.framework; includeInIndex = 0; path = Pods_URLSessionMockingTests.framework; sourceTree = BUILT_PRODUCTS_DIR; };
		C5EF13A8EAF5F4CF2E59AA25 /* Pods-URLSessionMocking-URLSessionMockingUITests.debug.xcconfig */ = {isa = PBXFileReference; includeInIndex = 1; lastKnownFileType = text.xcconfig; name = "Pods-URLSessionMocking-URLSessionMockingUITests.debug.xcconfig"; path = "Target Support Files/Pods-URLSessionMocking-URLSessionMockingUITests/Pods-URLSessionMocking-URLSessionMockingUITests.debug.xcconfig"; sourceTree = "<group>"; };
		DE7C670837F998C3648EE6D0 /* Pods_URLSessionMocking_URLSessionMockingUITests.framework */ = {isa = PBXFileReference; explicitFileType = wrapper.framework; includeInIndex = 0; path = Pods_URLSessionMocking_URLSessionMockingUITests.framework; sourceTree = BUILT_PRODUCTS_DIR; };
		E30C9BEE78133487A4B7D4DE /* Pods-URLSessionMocking.debug.xcconfig */ = {isa = PBXFileReference; includeInIndex = 1; lastKnownFileType = text.xcconfig; name = "Pods-URLSessionMocking.debug.xcconfig"; path = "Target Support Files/Pods-URLSessionMocking/Pods-URLSessionMocking.debug.xcconfig"; sourceTree = "<group>"; };
/* End PBXFileReference section */

/* Begin PBXFrameworksBuildPhase section */
		6806B1D22A53E08B00BCFA1E /* Frameworks */ = {
			isa = PBXFrameworksBuildPhase;
			buildActionMask = 2147483647;
			files = (
				D8837CFC91B8C93AFF5C4928 /* Pods_URLSessionMocking.framework in Frameworks */,
			);
			runOnlyForDeploymentPostprocessing = 0;
		};
		6806B1E82A53E08E00BCFA1E /* Frameworks */ = {
			isa = PBXFrameworksBuildPhase;
			buildActionMask = 2147483647;
			files = (
				43C0EF81CAE489CE7D26F1FC /* Pods_URLSessionMockingTests.framework in Frameworks */,
			);
			runOnlyForDeploymentPostprocessing = 0;
		};
		6806B1F22A53E08E00BCFA1E /* Frameworks */ = {
			isa = PBXFrameworksBuildPhase;
			buildActionMask = 2147483647;
			files = (
				92BF4548B49C8A7393695A64 /* Pods_URLSessionMocking_URLSessionMockingUITests.framework in Frameworks */,
			);
			runOnlyForDeploymentPostprocessing = 0;
		};
/* End PBXFrameworksBuildPhase section */

/* Begin PBXGroup section */
		1A42202AF053903BBCA252B3 /* Frameworks */ = {
			isa = PBXGroup;
			children = (
				6D596348E623FB2E64924A2A /* Pods_URLSessionMocking.framework */,
				DE7C670837F998C3648EE6D0 /* Pods_URLSessionMocking_URLSessionMockingUITests.framework */,
				96BB327162B2740A6CA9014F /* Pods_URLSessionMockingTests.framework */,
			);
			name = Frameworks;
			sourceTree = "<group>";
		};
		6806B1CC2A53E08B00BCFA1E = {
			isa = PBXGroup;
			children = (
				6806B1D72A53E08B00BCFA1E /* URLSessionMocking */,
				6806B1EE2A53E08E00BCFA1E /* URLSessionMockingTests */,
				6806B1D62A53E08B00BCFA1E /* Products */,
				BDEF2D842E99024A38AA4D51 /* Pods */,
				1A42202AF053903BBCA252B3 /* Frameworks */,
			);
			sourceTree = "<group>";
		};
		6806B1D62A53E08B00BCFA1E /* Products */ = {
			isa = PBXGroup;
			children = (
				6806B1D52A53E08B00BCFA1E /* URLSessionMocking.app */,
				6806B1EB2A53E08E00BCFA1E /* URLSessionMockingTests.xctest */,
				6806B1F52A53E08E00BCFA1E /* URLSessionMockingUITests.xctest */,
			);
			name = Products;
			sourceTree = "<group>";
		};
		6806B1D72A53E08B00BCFA1E /* URLSessionMocking */ = {
			isa = PBXGroup;
			children = (
				6806B1D82A53E08B00BCFA1E /* AppDelegate.swift */,
				6806B1DA2A53E08B00BCFA1E /* SceneDelegate.swift */,
				6806B1DC2A53E08B00BCFA1E /* ViewController.swift */,
				6806B1DE2A53E08B00BCFA1E /* Main.storyboard */,
				6806B1E12A53E08E00BCFA1E /* Assets.xcassets */,
				6806B1E32A53E08E00BCFA1E /* LaunchScreen.storyboard */,
				6806B1E62A53E08E00BCFA1E /* Info.plist */,
				6806B2082A53E0AC00BCFA1E /* HTTPClient.swift */,
			);
			path = URLSessionMocking;
			sourceTree = "<group>";
		};
		6806B1EE2A53E08E00BCFA1E /* URLSessionMockingTests */ = {
			isa = PBXGroup;
			children = (
				6806B20F2A53E1AE00BCFA1E /* APITests */,
				6806B20A2A53E12900BCFA1E /* Mocks */,
			);
			path = URLSessionMockingTests;
			sourceTree = "<group>";
		};
		6806B20A2A53E12900BCFA1E /* Mocks */ = {
			isa = PBXGroup;
			children = (
				6806B20B2A53E14200BCFA1E /* MockURLSession.swift */,
				6806B20D2A53E18600BCFA1E /* MockURLProtocol.swift */,
			);
			path = Mocks;
			sourceTree = "<group>";
		};
		6806B20F2A53E1AE00BCFA1E /* APITests */ = {
			isa = PBXGroup;
			children = (
				6806B2102A53E1CE00BCFA1E /* APIClientTestUsingMockURLSession.swift */,
				6806B2122A53E1DB00BCFA1E /* APIClientTestUsingMockURLProtocol.swift */,
			);
			path = APITests;
			sourceTree = "<group>";
		};
		BDEF2D842E99024A38AA4D51 /* Pods */ = {
			isa = PBXGroup;
			children = (
				E30C9BEE78133487A4B7D4DE /* Pods-URLSessionMocking.debug.xcconfig */,
				8E683C23B185681D0A53F5AD /* Pods-URLSessionMocking.release.xcconfig */,
				C5EF13A8EAF5F4CF2E59AA25 /* Pods-URLSessionMocking-URLSessionMockingUITests.debug.xcconfig */,
				787C39E857AFB644D6E5C70F /* Pods-URLSessionMocking-URLSessionMockingUITests.release.xcconfig */,
				50583FF28ED7EA20B8FCA2DD /* Pods-URLSessionMockingTests.debug.xcconfig */,
				43672DF099940E14B27A36A5 /* Pods-URLSessionMockingTests.release.xcconfig */,
			);
			name = Pods;
			path = Pods;
			sourceTree = "<group>";
		};
/* End PBXGroup section */

/* Begin PBXNativeTarget section */
		6806B1D42A53E08B00BCFA1E /* URLSessionMocking */ = {
			isa = PBXNativeTarget;
			buildConfigurationList = 6806B1FF2A53E08E00BCFA1E /* Build configuration list for PBXNativeTarget "URLSessionMocking" */;
			buildPhases = (
				B8C575F66CEA5164004CBA86 /* [CP] Check Pods Manifest.lock */,
				6806B1D12A53E08B00BCFA1E /* Sources */,
				6806B1D22A53E08B00BCFA1E /* Frameworks */,
				6806B1D32A53E08B00BCFA1E /* Resources */,
			);
			buildRules = (
			);
			dependencies = (
			);
			name = URLSessionMocking;
			productName = URLSessionMocking;
			productReference = 6806B1D52A53E08B00BCFA1E /* URLSessionMocking.app */;
			productType = "com.apple.product-type.application";
		};
		6806B1EA2A53E08E00BCFA1E /* URLSessionMockingTests */ = {
			isa = PBXNativeTarget;
			buildConfigurationList = 6806B2022A53E08E00BCFA1E /* Build configuration list for PBXNativeTarget "URLSessionMockingTests" */;
			buildPhases = (
				A5A3E79CEE0FEC6BE4FFBA0E /* [CP] Check Pods Manifest.lock */,
				6806B1E72A53E08E00BCFA1E /* Sources */,
				6806B1E82A53E08E00BCFA1E /* Frameworks */,
				6806B1E92A53E08E00BCFA1E /* Resources */,
			);
			buildRules = (
			);
			dependencies = (
				6806B1ED2A53E08E00BCFA1E /* PBXTargetDependency */,
			);
			name = URLSessionMockingTests;
			productName = URLSessionMockingTests;
			productReference = 6806B1EB2A53E08E00BCFA1E /* URLSessionMockingTests.xctest */;
			productType = "com.apple.product-type.bundle.unit-test";
		};
		6806B1F42A53E08E00BCFA1E /* URLSessionMockingUITests */ = {
			isa = PBXNativeTarget;
			buildConfigurationList = 6806B2052A53E08E00BCFA1E /* Build configuration list for PBXNativeTarget "URLSessionMockingUITests" */;
			buildPhases = (
				C4E4717EA250285E828DB19B /* [CP] Check Pods Manifest.lock */,
				6806B1F12A53E08E00BCFA1E /* Sources */,
				6806B1F22A53E08E00BCFA1E /* Frameworks */,
				6806B1F32A53E08E00BCFA1E /* Resources */,
			);
			buildRules = (
			);
			dependencies = (
				6806B1F72A53E08E00BCFA1E /* PBXTargetDependency */,
			);
			name = URLSessionMockingUITests;
			productName = URLSessionMockingUITests;
			productReference = 6806B1F52A53E08E00BCFA1E /* URLSessionMockingUITests.xctest */;
			productType = "com.apple.product-type.bundle.ui-testing";
		};
/* End PBXNativeTarget section */

/* Begin PBXProject section */
		6806B1CD2A53E08B00BCFA1E /* Project object */ = {
			isa = PBXProject;
			attributes = {
				BuildIndependentTargetsInParallel = 1;
				LastSwiftUpdateCheck = 1420;
				LastUpgradeCheck = 1420;
				TargetAttributes = {
					6806B1D42A53E08B00BCFA1E = {
						CreatedOnToolsVersion = 14.2;
					};
					6806B1EA2A53E08E00BCFA1E = {
						CreatedOnToolsVersion = 14.2;
						TestTargetID = 6806B1D42A53E08B00BCFA1E;
					};
					6806B1F42A53E08E00BCFA1E = {
						CreatedOnToolsVersion = 14.2;
						TestTargetID = 6806B1D42A53E08B00BCFA1E;
					};
				};
			};
			buildConfigurationList = 6806B1D02A53E08B00BCFA1E /* Build configuration list for PBXProject "URLSessionMocking" */;
			compatibilityVersion = "Xcode 14.0";
			developmentRegion = en;
			hasScannedForEncodings = 0;
			knownRegions = (
				en,
				Base,
			);
			mainGroup = 6806B1CC2A53E08B00BCFA1E;
			productRefGroup = 6806B1D62A53E08B00BCFA1E /* Products */;
			projectDirPath = "";
			projectRoot = "";
			targets = (
				6806B1D42A53E08B00BCFA1E /* URLSessionMocking */,
				6806B1EA2A53E08E00BCFA1E /* URLSessionMockingTests */,
				6806B1F42A53E08E00BCFA1E /* URLSessionMockingUITests */,
			);
		};
/* End PBXProject section */

/* Begin PBXResourcesBuildPhase section */
		6806B1D32A53E08B00BCFA1E /* Resources */ = {
			isa = PBXResourcesBuildPhase;
			buildActionMask = 2147483647;
			files = (
				6806B1E52A53E08E00BCFA1E /* LaunchScreen.storyboard in Resources */,
				6806B1E22A53E08E00BCFA1E /* Assets.xcassets in Resources */,
				6806B1E02A53E08B00BCFA1E /* Main.storyboard in Resources */,
			);
			runOnlyForDeploymentPostprocessing = 0;
		};
		6806B1E92A53E08E00BCFA1E /* Resources */ = {
			isa = PBXResourcesBuildPhase;
			buildActionMask = 2147483647;
			files = (
			);
			runOnlyForDeploymentPostprocessing = 0;
		};
		6806B1F32A53E08E00BCFA1E /* Resources */ = {
			isa = PBXResourcesBuildPhase;
			buildActionMask = 2147483647;
			files = (
			);
			runOnlyForDeploymentPostprocessing = 0;
		};
/* End PBXResourcesBuildPhase section */

/* Begin PBXShellScriptBuildPhase section */
		A5A3E79CEE0FEC6BE4FFBA0E /* [CP] Check Pods Manifest.lock */ = {
			isa = PBXShellScriptBuildPhase;
			buildActionMask = 2147483647;
			files = (
			);
			inputFileListPaths = (
			);
			inputPaths = (
				"${PODS_PODFILE_DIR_PATH}/Podfile.lock",
				"${PODS_ROOT}/Manifest.lock",
			);
			name = "[CP] Check Pods Manifest.lock";
			outputFileListPaths = (
			);
			outputPaths = (
				"$(DERIVED_FILE_DIR)/Pods-URLSessionMockingTests-checkManifestLockResult.txt",
			);
			runOnlyForDeploymentPostprocessing = 0;
			shellPath = /bin/sh;
			shellScript = "diff \"${PODS_PODFILE_DIR_PATH}/Podfile.lock\" \"${PODS_ROOT}/Manifest.lock\" > /dev/null\nif [ $? != 0 ] ; then\n    # print error to STDERR\n    echo \"error: The sandbox is not in sync with the Podfile.lock. Run 'pod install' or update your CocoaPods installation.\" >&2\n    exit 1\nfi\n# This output is used by Xcode 'outputs' to avoid re-running this script phase.\necho \"SUCCESS\" > \"${SCRIPT_OUTPUT_FILE_0}\"\n";
			showEnvVarsInLog = 0;
		};
		B8C575F66CEA5164004CBA86 /* [CP] Check Pods Manifest.lock */ = {
			isa = PBXShellScriptBuildPhase;
			buildActionMask = 2147483647;
			files = (
			);
			inputFileListPaths = (
			);
			inputPaths = (
				"${PODS_PODFILE_DIR_PATH}/Podfile.lock",
				"${PODS_ROOT}/Manifest.lock",
			);
			name = "[CP] Check Pods Manifest.lock";
			outputFileListPaths = (
			);
			outputPaths = (
				"$(DERIVED_FILE_DIR)/Pods-URLSessionMocking-checkManifestLockResult.txt",
			);
			runOnlyForDeploymentPostprocessing = 0;
			shellPath = /bin/sh;
			shellScript = "diff \"${PODS_PODFILE_DIR_PATH}/Podfile.lock\" \"${PODS_ROOT}/Manifest.lock\" > /dev/null\nif [ $? != 0 ] ; then\n    # print error to STDERR\n    echo \"error: The sandbox is not in sync with the Podfile.lock. Run 'pod install' or update your CocoaPods installation.\" >&2\n    exit 1\nfi\n# This output is used by Xcode 'outputs' to avoid re-running this script phase.\necho \"SUCCESS\" > \"${SCRIPT_OUTPUT_FILE_0}\"\n";
			showEnvVarsInLog = 0;
		};
		C4E4717EA250285E828DB19B /* [CP] Check Pods Manifest.lock */ = {
			isa = PBXShellScriptBuildPhase;
			buildActionMask = 2147483647;
			files = (
			);
			inputFileListPaths = (
			);
			inputPaths = (
				"${PODS_PODFILE_DIR_PATH}/Podfile.lock",
				"${PODS_ROOT}/Manifest.lock",
			);
			name = "[CP] Check Pods Manifest.lock";
			outputFileListPaths = (
			);
			outputPaths = (
				"$(DERIVED_FILE_DIR)/Pods-URLSessionMocking-URLSessionMockingUITests-checkManifestLockResult.txt",
			);
			runOnlyForDeploymentPostprocessing = 0;
			shellPath = /bin/sh;
			shellScript = "diff \"${PODS_PODFILE_DIR_PATH}/Podfile.lock\" \"${PODS_ROOT}/Manifest.lock\" > /dev/null\nif [ $? != 0 ] ; then\n    # print error to STDERR\n    echo \"error: The sandbox is not in sync with the Podfile.lock. Run 'pod install' or update your CocoaPods installation.\" >&2\n    exit 1\nfi\n# This output is used by Xcode 'outputs' to avoid re-running this script phase.\necho \"SUCCESS\" > \"${SCRIPT_OUTPUT_FILE_0}\"\n";
			showEnvVarsInLog = 0;
		};
/* End PBXShellScriptBuildPhase section */

/* Begin PBXSourcesBuildPhase section */
		6806B1D12A53E08B00BCFA1E /* Sources */ = {
			isa = PBXSourcesBuildPhase;
			buildActionMask = 2147483647;
			files = (
				6806B1DD2A53E08B00BCFA1E /* ViewController.swift in Sources */,
				6806B1D92A53E08B00BCFA1E /* AppDelegate.swift in Sources */,
				6806B2092A53E0AC00BCFA1E /* HTTPClient.swift in Sources */,
				6806B1DB2A53E08B00BCFA1E /* SceneDelegate.swift in Sources */,
			);
			runOnlyForDeploymentPostprocessing = 0;
		};
		6806B1E72A53E08E00BCFA1E /* Sources */ = {
			isa = PBXSourcesBuildPhase;
			buildActionMask = 2147483647;
			files = (
				6806B20E2A53E18600BCFA1E /* MockURLProtocol.swift in Sources */,
				6806B2112A53E1CE00BCFA1E /* APIClientTestUsingMockURLSession.swift in Sources */,
				6806B20C2A53E14200BCFA1E /* MockURLSession.swift in Sources */,
				6806B2132A53E1DB00BCFA1E /* APIClientTestUsingMockURLProtocol.swift in Sources */,
			);
			runOnlyForDeploymentPostprocessing = 0;
		};
		6806B1F12A53E08E00BCFA1E /* Sources */ = {
			isa = PBXSourcesBuildPhase;
			buildActionMask = 2147483647;
			files = (
			);
			runOnlyForDeploymentPostprocessing = 0;
		};
/* End PBXSourcesBuildPhase section */

/* Begin PBXTargetDependency section */
		6806B1ED2A53E08E00BCFA1E /* PBXTargetDependency */ = {
			isa = PBXTargetDependency;
			target = 6806B1D42A53E08B00BCFA1E /* URLSessionMocking */;
			targetProxy = 6806B1EC2A53E08E00BCFA1E /* PBXContainerItemProxy */;
		};
		6806B1F72A53E08E00BCFA1E /* PBXTargetDependency */ = {
			isa = PBXTargetDependency;
			target = 6806B1D42A53E08B00BCFA1E /* URLSessionMocking */;
			targetProxy = 6806B1F62A53E08E00BCFA1E /* PBXContainerItemProxy */;
		};
/* End PBXTargetDependency section */

/* Begin PBXVariantGroup section */
		6806B1DE2A53E08B00BCFA1E /* Main.storyboard */ = {
			isa = PBXVariantGroup;
			children = (
				6806B1DF2A53E08B00BCFA1E /* Base */,
			);
			name = Main.storyboard;
			sourceTree = "<group>";
		};
		6806B1E32A53E08E00BCFA1E /* LaunchScreen.storyboard */ = {
			isa = PBXVariantGroup;
			children = (
				6806B1E42A53E08E00BCFA1E /* Base */,
			);
			name = LaunchScreen.storyboard;
			sourceTree = "<group>";
		};
/* End PBXVariantGroup section */

/* Begin XCBuildConfiguration section */
		6806B1FD2A53E08E00BCFA1E /* Debug */ = {
			isa = XCBuildConfiguration;
			buildSettings = {
				ALWAYS_SEARCH_USER_PATHS = NO;
				CLANG_ANALYZER_NONNULL = YES;
				CLANG_ANALYZER_NUMBER_OBJECT_CONVERSION = YES_AGGRESSIVE;
				CLANG_CXX_LANGUAGE_STANDARD = "gnu++20";
				CLANG_ENABLE_MODULES = YES;
				CLANG_ENABLE_OBJC_ARC = YES;
				CLANG_ENABLE_OBJC_WEAK = YES;
				CLANG_WARN_BLOCK_CAPTURE_AUTORELEASING = YES;
				CLANG_WARN_BOOL_CONVERSION = YES;
				CLANG_WARN_COMMA = YES;
				CLANG_WARN_CONSTANT_CONVERSION = YES;
				CLANG_WARN_DEPRECATED_OBJC_IMPLEMENTATIONS = YES;
				CLANG_WARN_DIRECT_OBJC_ISA_USAGE = YES_ERROR;
				CLANG_WARN_DOCUMENTATION_COMMENTS = YES;
				CLANG_WARN_EMPTY_BODY = YES;
				CLANG_WARN_ENUM_CONVERSION = YES;
				CLANG_WARN_INFINITE_RECURSION = YES;
				CLANG_WARN_INT_CONVERSION = YES;
				CLANG_WARN_NON_LITERAL_NULL_CONVERSION = YES;
				CLANG_WARN_OBJC_IMPLICIT_RETAIN_SELF = YES;
				CLANG_WARN_OBJC_LITERAL_CONVERSION = YES;
				CLANG_WARN_OBJC_ROOT_CLASS = YES_ERROR;
				CLANG_WARN_QUOTED_INCLUDE_IN_FRAMEWORK_HEADER = YES;
				CLANG_WARN_RANGE_LOOP_ANALYSIS = YES;
				CLANG_WARN_STRICT_PROTOTYPES = YES;
				CLANG_WARN_SUSPICIOUS_MOVE = YES;
				CLANG_WARN_UNGUARDED_AVAILABILITY = YES_AGGRESSIVE;
				CLANG_WARN_UNREACHABLE_CODE = YES;
				CLANG_WARN__DUPLICATE_METHOD_MATCH = YES;
				COPY_PHASE_STRIP = NO;
				DEBUG_INFORMATION_FORMAT = dwarf;
				ENABLE_STRICT_OBJC_MSGSEND = YES;
				ENABLE_TESTABILITY = YES;
				GCC_C_LANGUAGE_STANDARD = gnu11;
				GCC_DYNAMIC_NO_PIC = NO;
				GCC_NO_COMMON_BLOCKS = YES;
				GCC_OPTIMIZATION_LEVEL = 0;
				GCC_PREPROCESSOR_DEFINITIONS = (
					"DEBUG=1",
					"$(inherited)",
				);
				GCC_WARN_64_TO_32_BIT_CONVERSION = YES;
				GCC_WARN_ABOUT_RETURN_TYPE = YES_ERROR;
				GCC_WARN_UNDECLARED_SELECTOR = YES;
				GCC_WARN_UNINITIALIZED_AUTOS = YES_AGGRESSIVE;
				GCC_WARN_UNUSED_FUNCTION = YES;
				GCC_WARN_UNUSED_VARIABLE = YES;
				IPHONEOS_DEPLOYMENT_TARGET = 16.2;
				MTL_ENABLE_DEBUG_INFO = INCLUDE_SOURCE;
				MTL_FAST_MATH = YES;
				ONLY_ACTIVE_ARCH = YES;
				SDKROOT = iphoneos;
				SWIFT_ACTIVE_COMPILATION_CONDITIONS = DEBUG;
				SWIFT_OPTIMIZATION_LEVEL = "-Onone";
			};
			name = Debug;
		};
		6806B1FE2A53E08E00BCFA1E /* Release */ = {
			isa = XCBuildConfiguration;
			buildSettings = {
				ALWAYS_SEARCH_USER_PATHS = NO;
				CLANG_ANALYZER_NONNULL = YES;
				CLANG_ANALYZER_NUMBER_OBJECT_CONVERSION = YES_AGGRESSIVE;
				CLANG_CXX_LANGUAGE_STANDARD = "gnu++20";
				CLANG_ENABLE_MODULES = YES;
				CLANG_ENABLE_OBJC_ARC = YES;
				CLANG_ENABLE_OBJC_WEAK = YES;
				CLANG_WARN_BLOCK_CAPTURE_AUTORELEASING = YES;
				CLANG_WARN_BOOL_CONVERSION = YES;
				CLANG_WARN_COMMA = YES;
				CLANG_WARN_CONSTANT_CONVERSION = YES;
				CLANG_WARN_DEPRECATED_OBJC_IMPLEMENTATIONS = YES;
				CLANG_WARN_DIRECT_OBJC_ISA_USAGE = YES_ERROR;
				CLANG_WARN_DOCUMENTATION_COMMENTS = YES;
				CLANG_WARN_EMPTY_BODY = YES;
				CLANG_WARN_ENUM_CONVERSION = YES;
				CLANG_WARN_INFINITE_RECURSION = YES;
				CLANG_WARN_INT_CONVERSION = YES;
				CLANG_WARN_NON_LITERAL_NULL_CONVERSION = YES;
				CLANG_WARN_OBJC_IMPLICIT_RETAIN_SELF = YES;
				CLANG_WARN_OBJC_LITERAL_CONVERSION = YES;
				CLANG_WARN_OBJC_ROOT_CLASS = YES_ERROR;
				CLANG_WARN_QUOTED_INCLUDE_IN_FRAMEWORK_HEADER = YES;
				CLANG_WARN_RANGE_LOOP_ANALYSIS = YES;
				CLANG_WARN_STRICT_PROTOTYPES = YES;
				CLANG_WARN_SUSPICIOUS_MOVE = YES;
				CLANG_WARN_UNGUARDED_AVAILABILITY = YES_AGGRESSIVE;
				CLANG_WARN_UNREACHABLE_CODE = YES;
				CLANG_WARN__DUPLICATE_METHOD_MATCH = YES;
				COPY_PHASE_STRIP = NO;
				DEBUG_INFORMATION_FORMAT = "dwarf-with-dsym";
				ENABLE_NS_ASSERTIONS = NO;
				ENABLE_STRICT_OBJC_MSGSEND = YES;
				GCC_C_LANGUAGE_STANDARD = gnu11;
				GCC_NO_COMMON_BLOCKS = YES;
				GCC_WARN_64_TO_32_BIT_CONVERSION = YES;
				GCC_WARN_ABOUT_RETURN_TYPE = YES_ERROR;
				GCC_WARN_UNDECLARED_SELECTOR = YES;
				GCC_WARN_UNINITIALIZED_AUTOS = YES_AGGRESSIVE;
				GCC_WARN_UNUSED_FUNCTION = YES;
				GCC_WARN_UNUSED_VARIABLE = YES;
				IPHONEOS_DEPLOYMENT_TARGET = 16.2;
				MTL_ENABLE_DEBUG_INFO = NO;
				MTL_FAST_MATH = YES;
				SDKROOT = iphoneos;
				SWIFT_COMPILATION_MODE = wholemodule;
				SWIFT_OPTIMIZATION_LEVEL = "-O";
				VALIDATE_PRODUCT = YES;
			};
			name = Release;
		};
		6806B2002A53E08E00BCFA1E /* Debug */ = {
			isa = XCBuildConfiguration;
			baseConfigurationReference = E30C9BEE78133487A4B7D4DE /* Pods-URLSessionMocking.debug.xcconfig */;
			buildSettings = {
				ASSETCATALOG_COMPILER_APPICON_NAME = AppIcon;
				ASSETCATALOG_COMPILER_GLOBAL_ACCENT_COLOR_NAME = AccentColor;
				CODE_SIGN_STYLE = Automatic;
				CURRENT_PROJECT_VERSION = 1;
				DEVELOPMENT_TEAM = 4Z984D62GH;
				GENERATE_INFOPLIST_FILE = YES;
				INFOPLIST_FILE = URLSessionMocking/Info.plist;
				INFOPLIST_KEY_UIApplicationSupportsIndirectInputEvents = YES;
				INFOPLIST_KEY_UILaunchStoryboardName = LaunchScreen;
				INFOPLIST_KEY_UIMainStoryboardFile = Main;
				INFOPLIST_KEY_UISupportedInterfaceOrientations_iPad = "UIInterfaceOrientationPortrait UIInterfaceOrientationPortraitUpsideDown UIInterfaceOrientationLandscapeLeft UIInterfaceOrientationLandscapeRight";
				INFOPLIST_KEY_UISupportedInterfaceOrientations_iPhone = "UIInterfaceOrientationPortrait UIInterfaceOrientationLandscapeLeft UIInterfaceOrientationLandscapeRight";
				LD_RUNPATH_SEARCH_PATHS = (
					"$(inherited)",
					"@executable_path/Frameworks",
				);
				MARKETING_VERSION = 1.0;
				PRODUCT_BUNDLE_IDENTIFIER = com.harry.URLSessionMocking;
				PRODUCT_NAME = "$(TARGET_NAME)";
				SWIFT_EMIT_LOC_STRINGS = YES;
				SWIFT_VERSION = 5.0;
				TARGETED_DEVICE_FAMILY = "1,2";
			};
			name = Debug;
		};
		6806B2012A53E08E00BCFA1E /* Release */ = {
			isa = XCBuildConfiguration;
			baseConfigurationReference = 8E683C23B185681D0A53F5AD /* Pods-URLSessionMocking.release.xcconfig */;
			buildSettings = {
				ASSETCATALOG_COMPILER_APPICON_NAME = AppIcon;
				ASSETCATALOG_COMPILER_GLOBAL_ACCENT_COLOR_NAME = AccentColor;
				CODE_SIGN_STYLE = Automatic;
				CURRENT_PROJECT_VERSION = 1;
				DEVELOPMENT_TEAM = 4Z984D62GH;
				GENERATE_INFOPLIST_FILE = YES;
				INFOPLIST_FILE = URLSessionMocking/Info.plist;
				INFOPLIST_KEY_UIApplicationSupportsIndirectInputEvents = YES;
				INFOPLIST_KEY_UILaunchStoryboardName = LaunchScreen;
				INFOPLIST_KEY_UIMainStoryboardFile = Main;
				INFOPLIST_KEY_UISupportedInterfaceOrientations_iPad = "UIInterfaceOrientationPortrait UIInterfaceOrientationPortraitUpsideDown UIInterfaceOrientationLandscapeLeft UIInterfaceOrientationLandscapeRight";
				INFOPLIST_KEY_UISupportedInterfaceOrientations_iPhone = "UIInterfaceOrientationPortrait UIInterfaceOrientationLandscapeLeft UIInterfaceOrientationLandscapeRight";
				LD_RUNPATH_SEARCH_PATHS = (
					"$(inherited)",
					"@executable_path/Frameworks",
				);
				MARKETING_VERSION = 1.0;
				PRODUCT_BUNDLE_IDENTIFIER = com.harry.URLSessionMocking;
				PRODUCT_NAME = "$(TARGET_NAME)";
				SWIFT_EMIT_LOC_STRINGS = YES;
				SWIFT_VERSION = 5.0;
				TARGETED_DEVICE_FAMILY = "1,2";
			};
			name = Release;
		};
		6806B2032A53E08E00BCFA1E /* Debug */ = {
			isa = XCBuildConfiguration;
			baseConfigurationReference = 50583FF28ED7EA20B8FCA2DD /* Pods-URLSessionMockingTests.debug.xcconfig */;
			buildSettings = {
				ALWAYS_EMBED_SWIFT_STANDARD_LIBRARIES = YES;
				BUNDLE_LOADER = "$(TEST_HOST)";
				CODE_SIGN_STYLE = Automatic;
				CURRENT_PROJECT_VERSION = 1;
				GENERATE_INFOPLIST_FILE = YES;
				IPHONEOS_DEPLOYMENT_TARGET = 16.2;
				MARKETING_VERSION = 1.0;
				PRODUCT_BUNDLE_IDENTIFIER = com.harry.URLSessionMockingTests;
				PRODUCT_NAME = "$(TARGET_NAME)";
				SWIFT_EMIT_LOC_STRINGS = NO;
				SWIFT_VERSION = 5.0;
				TARGETED_DEVICE_FAMILY = "1,2";
				TEST_HOST = "$(BUILT_PRODUCTS_DIR)/URLSessionMocking.app/$(BUNDLE_EXECUTABLE_FOLDER_PATH)/URLSessionMocking";
			};
			name = Debug;
		};
		6806B2042A53E08E00BCFA1E /* Release */ = {
			isa = XCBuildConfiguration;
			baseConfigurationReference = 43672DF099940E14B27A36A5 /* Pods-URLSessionMockingTests.release.xcconfig */;
			buildSettings = {
				ALWAYS_EMBED_SWIFT_STANDARD_LIBRARIES = YES;
				BUNDLE_LOADER = "$(TEST_HOST)";
				CODE_SIGN_STYLE = Automatic;
				CURRENT_PROJECT_VERSION = 1;
				GENERATE_INFOPLIST_FILE = YES;
				IPHONEOS_DEPLOYMENT_TARGET = 16.2;
				MARKETING_VERSION = 1.0;
				PRODUCT_BUNDLE_IDENTIFIER = com.harry.URLSessionMockingTests;
				PRODUCT_NAME = "$(TARGET_NAME)";
				SWIFT_EMIT_LOC_STRINGS = NO;
				SWIFT_VERSION = 5.0;
				TARGETED_DEVICE_FAMILY = "1,2";
				TEST_HOST = "$(BUILT_PRODUCTS_DIR)/URLSessionMocking.app/$(BUNDLE_EXECUTABLE_FOLDER_PATH)/URLSessionMocking";
			};
			name = Release;
		};
		6806B2062A53E08E00BCFA1E /* Debug */ = {
			isa = XCBuildConfiguration;
			baseConfigurationReference = C5EF13A8EAF5F4CF2E59AA25 /* Pods-URLSessionMocking-URLSessionMockingUITests.debug.xcconfig */;
			buildSettings = {
				ALWAYS_EMBED_SWIFT_STANDARD_LIBRARIES = YES;
				CODE_SIGN_STYLE = Automatic;
				CURRENT_PROJECT_VERSION = 1;
				GENERATE_INFOPLIST_FILE = YES;
				MARKETING_VERSION = 1.0;
				PRODUCT_BUNDLE_IDENTIFIER = com.harry.URLSessionMockingUITests;
				PRODUCT_NAME = "$(TARGET_NAME)";
				SWIFT_EMIT_LOC_STRINGS = NO;
				SWIFT_VERSION = 5.0;
				TARGETED_DEVICE_FAMILY = "1,2";
				TEST_TARGET_NAME = URLSessionMocking;
			};
			name = Debug;
		};
		6806B2072A53E08E00BCFA1E /* Release */ = {
			isa = XCBuildConfiguration;
			baseConfigurationReference = 787C39E857AFB644D6E5C70F /* Pods-URLSessionMocking-URLSessionMockingUITests.release.xcconfig */;
			buildSettings = {
				ALWAYS_EMBED_SWIFT_STANDARD_LIBRARIES = YES;
				CODE_SIGN_STYLE = Automatic;
				CURRENT_PROJECT_VERSION = 1;
				GENERATE_INFOPLIST_FILE = YES;
				MARKETING_VERSION = 1.0;
				PRODUCT_BUNDLE_IDENTIFIER = com.harry.URLSessionMockingUITests;
				PRODUCT_NAME = "$(TARGET_NAME)";
				SWIFT_EMIT_LOC_STRINGS = NO;
				SWIFT_VERSION = 5.0;
				TARGETED_DEVICE_FAMILY = "1,2";
				TEST_TARGET_NAME = URLSessionMocking;
			};
			name = Release;
		};
/* End XCBuildConfiguration section */

/* Begin XCConfigurationList section */
		6806B1D02A53E08B00BCFA1E /* Build configuration list for PBXProject "URLSessionMocking" */ = {
			isa = XCConfigurationList;
			buildConfigurations = (
				6806B1FD2A53E08E00BCFA1E /* Debug */,
				6806B1FE2A53E08E00BCFA1E /* Release */,
			);
			defaultConfigurationIsVisible = 0;
			defaultConfigurationName = Release;
		};
		6806B1FF2A53E08E00BCFA1E /* Build configuration list for PBXNativeTarget "URLSessionMocking" */ = {
			isa = XCConfigurationList;
			buildConfigurations = (
				6806B2002A53E08E00BCFA1E /* Debug */,
				6806B2012A53E08E00BCFA1E /* Release */,
			);
			defaultConfigurationIsVisible = 0;
			defaultConfigurationName = Release;
		};
		6806B2022A53E08E00BCFA1E /* Build configuration list for PBXNativeTarget "URLSessionMockingTests" */ = {
			isa = XCConfigurationList;
			buildConfigurations = (
				6806B2032A53E08E00BCFA1E /* Debug */,
				6806B2042A53E08E00BCFA1E /* Release */,
			);
			defaultConfigurationIsVisible = 0;
			defaultConfigurationName = Release;
		};
		6806B2052A53E08E00BCFA1E /* Build configuration list for PBXNativeTarget "URLSessionMockingUITests" */ = {
			isa = XCConfigurationList;
			buildConfigurations = (
				6806B2062A53E08E00BCFA1E /* Debug */,
				6806B2072A53E08E00BCFA1E /* Release */,
			);
			defaultConfigurationIsVisible = 0;
			defaultConfigurationName = Release;
		};
/* End XCConfigurationList section */
	};
	rootObject = 6806B1CD2A53E08B00BCFA1E /* Project object */;
}
